Microsoft Visual Studio Solution File, Format Version 11.00
# Visual Studio 2008

Project("{75643853-AB27-D610-EC7F-EB423C4CC487}") = "vr-room1", "Assembly-CSharp-firstpass.csproj", "{4CC6AAA5-94EC-C080-5D61-D2BD8E2F274D}"
EndProject
Project("{75643853-AB27-D610-EC7F-EB423C4CC487}") = "vr-room1", "Assembly-CSharp-Editor.csproj", "{DAF3F04F-9D28-5566-B599-630617C008BB}"
EndProject
Global
	GlobalSection(SolutionConfigurationPlatforms) = preSolution
		Debug|Any CPU = Debug|Any CPU
		Release|Any CPU = Release|Any CPU
	EndGlobalSection
	GlobalSection(ProjectConfigurationPlatforms) = postSolution
		{4CC6AAA5-94EC-C080-5D61-D2BD8E2F274D}.Debug|Any CPU.ActiveCfg = Debug|Any CPU
		{4CC6AAA5-94EC-C080-5D61-D2BD8E2F274D}.Debug|Any CPU.Build.0 = Debug|Any CPU
		{4CC6AAA5-94EC-C080-5D61-D2BD8E2F274D}.Release|Any CPU.ActiveCfg = Release|Any CPU
		{4CC6AAA5-94EC-C080-5D61-D2BD8E2F274D}.Release|Any CPU.Build.0 = Release|Any CPU
		{DAF3F04F-9D28-5566-B599-630617C008BB}.Debug|Any CPU.ActiveCfg = Debug|Any CPU
		{DAF3F04F-9D28-5566-B599-630617C008BB}.Debug|Any CPU.Build.0 = Debug|Any CPU
		{DAF3F04F-9D28-5566-B599-630617C008BB}.Release|Any CPU.ActiveCfg = Release|Any CPU
		{DAF3F04F-9D28-5566-B599-630617C008BB}.Release|Any CPU.Build.0 = Release|Any CPU
	EndGlobalSection
	GlobalSection(SolutionProperties) = preSolution
		HideSolutionNode = FALSE
	EndGlobalSection
	GlobalSection(MonoDevelopProperties) = preSolution
		StartupItem = Assembly-CSharp.csproj
	EndGlobalSection
EndGlobal
